
Microsoft Visual Studio Solution File, Format Version 12.00
# Visual Studio Version 17
VisualStudioVersion = 17.14.36327.8 d17.14
MinimumVisualStudioVersion = 10.0.40219.1
Project("{FAE04EC0-301F-11D3-BF4B-00C04F79EFBC}") = "NLogConsoleApp", "NLogConsoleApp\NLogConsoleApp.csproj", "{E6A206AB-86F6-45F7-B5F3-787A94BC9754}"
EndProject
Global
	GlobalSection(SolutionConfigurationPlatforms) = preSolution
		Debug|Any CPU = Debug|Any CPU
		Release|Any CPU = Release|Any CPU
	EndGlobalSection
	GlobalSection(ProjectConfigurationPlatforms) = postSolution
		{E6A206AB-86F6-45F7-B5F3-787A94BC9754}.Debug|Any CPU.ActiveCfg = Debug|Any CPU
		{E6A206AB-86F6-45F7-B5F3-787A94BC9754}.Debug|Any CPU.Build.0 = Debug|Any CPU
		{E6A206AB-86F6-45F7-B5F3-787A94BC9754}.Release|Any CPU.ActiveCfg = Release|Any CPU
		{E6A206AB-86F6-45F7-B5F3-787A94BC9754}.Release|Any CPU.Build.0 = Release|Any CPU
	EndGlobalSection
	GlobalSection(SolutionProperties) = preSolution
		HideSolutionNode = FALSE
	EndGlobalSection
	GlobalSection(ExtensibilityGlobals) = postSolution
		SolutionGuid = {305592BB-0CB6-454A-9132-5CEEE34DDDED}
	EndGlobalSection
EndGlobal
